
Microsoft Visual Studio Solution File, Format Version 12.00
# Visual Studio Version 17
VisualStudioVersion = 17.0.31903.59
MinimumVisualStudioVersion = 10.0.40219.1
Project("{888888A0-9F3D-457C-B088-3A5042F75D52}") = "Exercise 4", "Exercise 4.pyproj", "{D669CE3E-AC90-49ED-BF5E-08AE707960A2}"
EndProject
Global
	GlobalSection(SolutionConfigurationPlatforms) = preSolution
		Debug|Any CPU = Debug|Any CPU
		Release|Any CPU = Release|Any CPU
	EndGlobalSection
	GlobalSection(ProjectConfigurationPlatforms) = postSolution
		{D669CE3E-AC90-49ED-BF5E-08AE707960A2}.Debug|Any CPU.ActiveCfg = Debug|Any CPU
		{D669CE3E-AC90-49ED-BF5E-08AE707960A2}.Release|Any CPU.ActiveCfg = Release|Any CPU
	EndGlobalSection
	GlobalSection(SolutionProperties) = preSolution
		HideSolutionNode = FALSE
	EndGlobalSection
	GlobalSection(ExtensibilityGlobals) = postSolution
		SolutionGuid = {59444789-2B76-4997-A551-9F6B13A0C1D8}
	EndGlobalSection
EndGlobal
